
Microsoft Visual Studio Solution File, Format Version 12.00
# Visual Studio Version 16
VisualStudioVersion = 16.0.30114.105
MinimumVisualStudioVersion = 10.0.40219.1
Project("{FAE04EC0-301F-11D3-BF4B-00C04F79EFBC}") = "ClientUI", "ClientUI\ClientUI.csproj", "{71376007-0E6A-4DED-8C14-C8940DA2BAB7}"
EndProject
Project("{FAE04EC0-301F-11D3-BF4B-00C04F79EFBC}") = "Sales", "Sales\Sales.csproj", "{373084AD-D502-4B60-A423-5FB65FE60F4B}"
EndProject
Project("{FAE04EC0-301F-11D3-BF4B-00C04F79EFBC}") = "Messages", "Messages\Messages.csproj", "{A9597CE5-446C-445C-BB09-A58775A595B2}"
EndProject
Project("{FAE04EC0-301F-11D3-BF4B-00C04F79EFBC}") = "Billing", "Billing\Billing.csproj", "{0173583A-8710-443D-AA79-62FD9C37906E}"
EndProject
Project("{FAE04EC0-301F-11D3-BF4B-00C04F79EFBC}") = "Shipping", "Shipping\Shipping.csproj", "{94AEFAD2-82AB-49B7-9031-27F59643D2B0}"
EndProject
Project("{FAE04EC0-301F-11D3-BF4B-00C04F79EFBC}") = "Platform", "Platform\Platform.csproj", "{F8F058DE-84D5-4ACC-B23D-49B447E6C30A}"
EndProject
Project("{FAE04EC0-301F-11D3-BF4B-00C04F79EFBC}") = "Shipping.Tests", "Shipping.Tests\Shipping.Tests.csproj", "{51355786-3F79-4510-B473-5FB874D8F3E4}"
EndProject
Project("{FAE04EC0-301F-11D3-BF4B-00C04F79EFBC}") = "RetailSystem.Conventions", "RetailSystem.Conventions\RetailSystem.Conventions.csproj", "{F8BFCCC0-6DB6-4462-83A0-43158DA68686}"
EndProject
Global
	GlobalSection(SolutionConfigurationPlatforms) = preSolution
		Debug|Any CPU = Debug|Any CPU
		Debug|x64 = Debug|x64
		Debug|x86 = Debug|x86
		Release|Any CPU = Release|Any CPU
		Release|x64 = Release|x64
		Release|x86 = Release|x86
	EndGlobalSection
	GlobalSection(SolutionProperties) = preSolution
		HideSolutionNode = FALSE
	EndGlobalSection
	GlobalSection(ProjectConfigurationPlatforms) = postSolution
		{71376007-0E6A-4DED-8C14-C8940DA2BAB7}.Debug|Any CPU.ActiveCfg = Debug|Any CPU
		{71376007-0E6A-4DED-8C14-C8940DA2BAB7}.Debug|Any CPU.Build.0 = Debug|Any CPU
		{71376007-0E6A-4DED-8C14-C8940DA2BAB7}.Debug|x64.ActiveCfg = Debug|Any CPU
		{71376007-0E6A-4DED-8C14-C8940DA2BAB7}.Debug|x64.Build.0 = Debug|Any CPU
		{71376007-0E6A-4DED-8C14-C8940DA2BAB7}.Debug|x86.ActiveCfg = Debug|Any CPU
		{71376007-0E6A-4DED-8C14-C8940DA2BAB7}.Debug|x86.Build.0 = Debug|Any CPU
		{71376007-0E6A-4DED-8C14-C8940DA2BAB7}.Release|Any CPU.ActiveCfg = Release|Any CPU
		{71376007-0E6A-4DED-8C14-C8940DA2BAB7}.Release|Any CPU.Build.0 = Release|Any CPU
		{71376007-0E6A-4DED-8C14-C8940DA2BAB7}.Release|x64.ActiveCfg = Release|Any CPU
		{71376007-0E6A-4DED-8C14-C8940DA2BAB7}.Release|x64.Build.0 = Release|Any CPU
		{71376007-0E6A-4DED-8C14-C8940DA2BAB7}.Release|x86.ActiveCfg = Release|Any CPU
		{71376007-0E6A-4DED-8C14-C8940DA2BAB7}.Release|x86.Build.0 = Release|Any CPU
		{373084AD-D502-4B60-A423-5FB65FE60F4B}.Debug|Any CPU.ActiveCfg = Debug|Any CPU
		{373084AD-D502-4B60-A423-5FB65FE60F4B}.Debug|Any CPU.Build.0 = Debug|Any CPU
		{373084AD-D502-4B60-A423-5FB65FE60F4B}.Debug|x64.ActiveCfg = Debug|Any CPU
		{373084AD-D502-4B60-A423-5FB65FE60F4B}.Debug|x64.Build.0 = Debug|Any CPU
		{373084AD-D502-4B60-A423-5FB65FE60F4B}.Debug|x86.ActiveCfg = Debug|Any CPU
		{373084AD-D502-4B60-A423-5FB65FE60F4B}.Debug|x86.Build.0 = Debug|Any CPU
		{373084AD-D502-4B60-A423-5FB65FE60F4B}.Release|Any CPU.ActiveCfg = Release|Any CPU
		{373084AD-D502-4B60-A423-5FB65FE60F4B}.Release|Any CPU.Build.0 = Release|Any CPU
		{373084AD-D502-4B60-A423-5FB65FE60F4B}.Release|x64.ActiveCfg = Release|Any CPU
		{373084AD-D502-4B60-A423-5FB65FE60F4B}.Release|x64.Build.0 = Release|Any CPU
		{373084AD-D502-4B60-A423-5FB65FE60F4B}.Release|x86.ActiveCfg = Release|Any CPU
		{373084AD-D502-4B60-A423-5FB65FE60F4B}.Release|x86.Build.0 = Release|Any CPU
		{A9597CE5-446C-445C-BB09-A58775A595B2}.Debug|Any CPU.ActiveCfg = Debug|Any CPU
		{A9597CE5-446C-445C-BB09-A58775A595B2}.Debug|Any CPU.Build.0 = Debug|Any CPU
		{A9597CE5-446C-445C-BB09-A58775A595B2}.Debug|x64.ActiveCfg = Debug|Any CPU
		{A9597CE5-446C-445C-BB09-A58775A595B2}.Debug|x64.Build.0 = Debug|Any CPU
		{A9597CE5-446C-445C-BB09-A58775A595B2}.Debug|x86.ActiveCfg = Debug|Any CPU
		{A9597CE5-446C-445C-BB09-A58775A595B2}.Debug|x86.Build.0 = Debug|Any CPU
		{A9597CE5-446C-445C-BB09-A58775A595B2}.Release|Any CPU.ActiveCfg = Release|Any CPU
		{A9597CE5-446C-445C-BB09-A58775A595B2}.Release|Any CPU.Build.0 = Release|Any CPU
		{A9597CE5-446C-445C-BB09-A58775A595B2}.Release|x64.ActiveCfg = Release|Any CPU
		{A9597CE5-446C-445C-BB09-A58775A595B2}.Release|x64.Build.0 = Release|Any CPU
		{A9597CE5-446C-445C-BB09-A58775A595B2}.Release|x86.ActiveCfg = Release|Any CPU
		{A9597CE5-446C-445C-BB09-A58775A595B2}.Release|x86.Build.0 = Release|Any CPU
		{0173583A-8710-443D-AA79-62FD9C37906E}.Debug|Any CPU.ActiveCfg = Debug|Any CPU
		{0173583A-8710-443D-AA79-62FD9C37906E}.Debug|Any CPU.Build.0 = Debug|Any CPU
		{0173583A-8710-443D-AA79-62FD9C37906E}.Debug|x64.ActiveCfg = Debug|Any CPU
		{0173583A-8710-443D-AA79-62FD9C37906E}.Debug|x64.Build.0 = Debug|Any CPU
		{0173583A-8710-443D-AA79-62FD9C37906E}.Debug|x86.ActiveCfg = Debug|Any CPU
		{0173583A-8710-443D-AA79-62FD9C37906E}.Debug|x86.Build.0 = Debug|Any CPU
		{0173583A-8710-443D-AA79-62FD9C37906E}.Release|Any CPU.ActiveCfg = Release|Any CPU
		{0173583A-8710-443D-AA79-62FD9C37906E}.Release|Any CPU.Build.0 = Release|Any CPU
		{0173583A-8710-443D-AA79-62FD9C37906E}.Release|x64.ActiveCfg = Release|Any CPU
		{0173583A-8710-443D-AA79-62FD9C37906E}.Release|x64.Build.0 = Release|Any CPU
		{0173583A-8710-443D-AA79-62FD9C37906E}.Release|x86.ActiveCfg = Release|Any CPU
		{0173583A-8710-443D-AA79-62FD9C37906E}.Release|x86.Build.0 = Release|Any CPU
		{94AEFAD2-82AB-49B7-9031-27F59643D2B0}.Debug|Any CPU.ActiveCfg = Debug|Any CPU
		{94AEFAD2-82AB-49B7-9031-27F59643D2B0}.Debug|Any CPU.Build.0 = Debug|Any CPU
		{94AEFAD2-82AB-49B7-9031-27F59643D2B0}.Debug|x64.ActiveCfg = Debug|Any CPU
		{94AEFAD2-82AB-49B7-9031-27F59643D2B0}.Debug|x64.Build.0 = Debug|Any CPU
		{94AEFAD2-82AB-49B7-9031-27F59643D2B0}.Debug|x86.ActiveCfg = Debug|Any CPU
		{94AEFAD2-82AB-49B7-9031-27F59643D2B0}.Debug|x86.Build.0 = Debug|Any CPU
		{94AEFAD2-82AB-49B7-9031-27F59643D2B0}.Release|Any CPU.ActiveCfg = Release|Any CPU
		{94AEFAD2-82AB-49B7-9031-27F59643D2B0}.Release|Any CPU.Build.0 = Release|Any CPU
		{94AEFAD2-82AB-49B7-9031-27F59643D2B0}.Release|x64.ActiveCfg = Release|Any CPU
		{94AEFAD2-82AB-49B7-9031-27F59643D2B0}.Release|x64.Build.0 = Release|Any CPU
		{94AEFAD2-82AB-49B7-9031-27F59643D2B0}.Release|x86.ActiveCfg = Release|Any CPU
		{94AEFAD2-82AB-49B7-9031-27F59643D2B0}.Release|x86.Build.0 = Release|Any CPU
		{F8F058DE-84D5-4ACC-B23D-49B447E6C30A}.Debug|Any CPU.ActiveCfg = Debug|Any CPU
		{F8F058DE-84D5-4ACC-B23D-49B447E6C30A}.Debug|Any CPU.Build.0 = Debug|Any CPU
		{F8F058DE-84D5-4ACC-B23D-49B447E6C30A}.Debug|x64.ActiveCfg = Debug|Any CPU
		{F8F058DE-84D5-4ACC-B23D-49B447E6C30A}.Debug|x64.Build.0 = Debug|Any CPU
		{F8F058DE-84D5-4ACC-B23D-49B447E6C30A}.Debug|x86.ActiveCfg = Debug|Any CPU
		{F8F058DE-84D5-4ACC-B23D-49B447E6C30A}.Debug|x86.Build.0 = Debug|Any CPU
		{F8F058DE-84D5-4ACC-B23D-49B447E6C30A}.Release|Any CPU.ActiveCfg = Release|Any CPU
		{F8F058DE-84D5-4ACC-B23D-49B447E6C30A}.Release|Any CPU.Build.0 = Release|Any CPU
		{F8F058DE-84D5-4ACC-B23D-49B447E6C30A}.Release|x64.ActiveCfg = Release|Any CPU
		{F8F058DE-84D5-4ACC-B23D-49B447E6C30A}.Release|x64.Build.0 = Release|Any CPU
		{F8F058DE-84D5-4ACC-B23D-49B447E6C30A}.Release|x86.ActiveCfg = Release|Any CPU
		{F8F058DE-84D5-4ACC-B23D-49B447E6C30A}.Release|x86.Build.0 = Release|Any CPU
		{51355786-3F79-4510-B473-5FB874D8F3E4}.Debug|Any CPU.ActiveCfg = Debug|Any CPU
		{51355786-3F79-4510-B473-5FB874D8F3E4}.Debug|Any CPU.Build.0 = Debug|Any CPU
		{51355786-3F79-4510-B473-5FB874D8F3E4}.Debug|x64.ActiveCfg = Debug|Any CPU
		{51355786-3F79-4510-B473-5FB874D8F3E4}.Debug|x64.Build.0 = Debug|Any CPU
		{51355786-3F79-4510-B473-5FB874D8F3E4}.Debug|x86.ActiveCfg = Debug|Any CPU
		{51355786-3F79-4510-B473-5FB874D8F3E4}.Debug|x86.Build.0 = Debug|Any CPU
		{51355786-3F79-4510-B473-5FB874D8F3E4}.Release|Any CPU.ActiveCfg = Release|Any CPU
		{51355786-3F79-4510-B473-5FB874D8F3E4}.Release|Any CPU.Build.0 = Release|Any CPU
		{51355786-3F79-4510-B473-5FB874D8F3E4}.Release|x64.ActiveCfg = Release|Any CPU
		{51355786-3F79-4510-B473-5FB874D8F3E4}.Release|x64.Build.0 = Release|Any CPU
		{51355786-3F79-4510-B473-5FB874D8F3E4}.Release|x86.ActiveCfg = Release|Any CPU
		{51355786-3F79-4510-B473-5FB874D8F3E4}.Release|x86.Build.0 = Release|Any CPU
		{F8BFCCC0-6DB6-4462-83A0-43158DA68686}.Debug|Any CPU.ActiveCfg = Debug|Any CPU
		{F8BFCCC0-6DB6-4462-83A0-43158DA68686}.Debug|Any CPU.Build.0 = Debug|Any CPU
		{F8BFCCC0-6DB6-4462-83A0-43158DA68686}.Debug|x64.ActiveCfg = Debug|Any CPU
		{F8BFCCC0-6DB6-4462-83A0-43158DA68686}.Debug|x64.Build.0 = Debug|Any CPU
		{F8BFCCC0-6DB6-4462-83A0-43158DA68686}.Debug|x86.ActiveCfg = Debug|Any CPU
		{F8BFCCC0-6DB6-4462-83A0-43158DA68686}.Debug|x86.Build.0 = Debug|Any CPU
		{F8BFCCC0-6DB6-4462-83A0-43158DA68686}.Release|Any CPU.ActiveCfg = Release|Any CPU
		{F8BFCCC0-6DB6-4462-83A0-43158DA68686}.Release|Any CPU.Build.0 = Release|Any CPU
		{F8BFCCC0-6DB6-4462-83A0-43158DA68686}.Release|x64.ActiveCfg = Release|Any CPU
		{F8BFCCC0-6DB6-4462-83A0-43158DA68686}.Release|x64.Build.0 = Release|Any CPU
		{F8BFCCC0-6DB6-4462-83A0-43158DA68686}.Release|x86.ActiveCfg = Release|Any CPU
		{F8BFCCC0-6DB6-4462-83A0-43158DA68686}.Release|x86.Build.0 = Release|Any CPU
	EndGlobalSection
EndGlobal
